<?xml version="1.0" encoding="utf-8"?>
<Project ToolsVersion="4.0" xmlns="http://schemas.microsoft.com/developer/msbuild/2003">
  <ItemGroup>
    <ClCompile Include="pch.cpp">
      <Filter>File di origine</Filter>
    </ClCompile>
    <ClCompile Include="game.cpp">
      <Filter>File di origine</Filter>
    </ClCompile>
    <ClCompile Include="main.cpp">
      <Filter>File di origine</Filter>
    </ClCompile>
    <ClCompile Include="display.cpp">
      <Filter>File di origine</Filter>
    </ClCompile>
    <ClCompile Include="bitscan.cpp">
      <Filter>File di origine</Filter>
    </ClCompile>
    <ClCompile Include="magic.cpp">
      <Filter>File di origine</Filter>
    </ClCompile>
    <ClCompile Include="attack.cpp">
      <Filter>File di origine</Filter>
    </ClCompile>
    <ClCompile Include="Position.cpp">
      <Filter>File di origine</Filter>
    </ClCompile>
    <ClCompile Include="fen.cpp">
      <Filter>File di origine</Filter>
    </ClCompile>
    <ClCompile Include="movegen.cpp">
      <Filter>File di origine</Filter>
    </ClCompile>
    <ClCompile Include="evaluation.cpp">
      <Filter>File di origine</Filter>
    </ClCompile>
    <ClCompile Include="overloading.cpp">
      <Filter>File di origine</Filter>
    </ClCompile>
    <ClCompile Include="makemove.cpp">
      <Filter>File di origine</Filter>
    </ClCompile>
    <ClCompile Include="perft.cpp">
      <Filter>File di origine</Filter>
    </ClCompile>
    <ClCompile Include="zobrist.cpp">
      <Filter>File di origine</Filter>
    </ClCompile>
    <ClCompile Include="tt.cpp">
      <Filter>File di origine</Filter>
    </ClCompile>
    <ClCompile Include="moveorder.cpp">
      <Filter>File di origine</Filter>
    </ClCompile>
    <ClCompile Include="search.cpp">
      <Filter>File di origine</Filter>
    </ClCompile>
  </ItemGroup>
  <ItemGroup>
    <ClInclude Include="pch.h">
      <Filter>File di intestazione</Filter>
    </ClInclude>
    <ClInclude Include="defs.h">
      <Filter>File di intestazione</Filter>
    </ClInclude>
    <ClInclude Include="Position.h">
      <Filter>File di intestazione</Filter>
    </ClInclude>
    <ClInclude Include="psqt.h">
      <Filter>File di intestazione</Filter>
    </ClInclude>
    <ClInclude Include="divide.h">
      <Filter>File di intestazione</Filter>
    </ClInclude>
    <ClInclude Include="params.h">
      <Filter>File di intestazione</Filter>
    </ClInclude>
    <ClInclude Include="attack.h">
      <Filter>File di intestazione</Filter>
    </ClInclude>
    <ClInclude Include="magic.h">
      <Filter>File di intestazione</Filter>
    </ClInclude>
    <ClInclude Include="globals.h">
      <Filter>File di intestazione</Filter>
    </ClInclude>
    <ClInclude Include="bitscan.h">
      <Filter>File di intestazione</Filter>
    </ClInclude>
    <ClInclude Include="overloading.h">
      <Filter>File di intestazione</Filter>
    </ClInclude>
    <ClInclude Include="game.h">
      <Filter>File di intestazione</Filter>
    </ClInclude>
    <ClInclude Include="movegen.h">
      <Filter>File di intestazione</Filter>
    </ClInclude>
    <ClInclude Include="display.h">
      <Filter>File di intestazione</Filter>
    </ClInclude>
    <ClInclude Include="zobrist.h">
      <Filter>File di intestazione</Filter>
    </ClInclude>
    <ClInclude Include="enums.h">
      <Filter>File di intestazione</Filter>
    </ClInclude>
    <ClInclude Include="tt.h">
      <Filter>File di intestazione</Filter>
    </ClInclude>
    <ClInclude Include="perft.h">
      <Filter>File di intestazione</Filter>
    </ClInclude>
    <ClInclude Include="fen.h">
      <Filter>File di intestazione</Filter>
    </ClInclude>
    <ClInclude Include="makemove.h">
      <Filter>File di intestazione</Filter>
    </ClInclude>
    <ClInclude Include="evaluation.h">
      <Filter>File di intestazione</Filter>
    </ClInclude>
    <ClInclude Include="moveorder.h">
      <Filter>File di intestazione</Filter>
    </ClInclude>
    <ClInclude Include="libpopcnt.h">
      <Filter>File di intestazione</Filter>
    </ClInclude>
    <ClInclude Include="search.h">
      <Filter>File di intestazione</Filter>
    </ClInclude>
  </ItemGroup>
  <ItemGroup>
    <Filter Include="File di intestazione">
      <UniqueIdentifier>{5f898bcf-8437-4ff7-9bb7-fa74fcb29787}</UniqueIdentifier>
    </Filter>
    <Filter Include="File di origine">
      <UniqueIdentifier>{3c397e91-16c2-4348-aca5-c496eca6c257}</UniqueIdentifier>
    </Filter>
    <Filter Include="File di risorse">
      <UniqueIdentifier>{1a8c71e3-351a-4ac9-a863-1721b8ec587b}</UniqueIdentifier>
    </Filter>
  </ItemGroup>
  <ItemGroup>
    <Text Include="..\TODO.txt">
      <Filter>File di risorse</Filter>
    </Text>
  </ItemGroup>
</Project>